
Microsoft Visual Studio Solution File, Format Version 12.00
# Visual Studio Version 16
VisualStudioVersion = 16.0.31005.135
MinimumVisualStudioVersion = 10.0.40219.1
Project("{FAE04EC0-301F-11D3-BF4B-00C04F79EFBC}") = "products", "products\products.csproj", "{0F78D196-1457-4B56-A09B-3FB4C33F8519}"
EndProject
Global
	GlobalSection(SolutionConfigurationPlatforms) = preSolution
		Debug|Any CPU = Debug|Any CPU
		Release|Any CPU = Release|Any CPU
	EndGlobalSection
	GlobalSection(ProjectConfigurationPlatforms) = postSolution
		{0F78D196-1457-4B56-A09B-3FB4C33F8519}.Debug|Any CPU.ActiveCfg = Debug|Any CPU
		{0F78D196-1457-4B56-A09B-3FB4C33F8519}.Debug|Any CPU.Build.0 = Debug|Any CPU
		{0F78D196-1457-4B56-A09B-3FB4C33F8519}.Release|Any CPU.ActiveCfg = Release|Any CPU
		{0F78D196-1457-4B56-A09B-3FB4C33F8519}.Release|Any CPU.Build.0 = Release|Any CPU
	EndGlobalSection
	GlobalSection(SolutionProperties) = preSolution
		HideSolutionNode = FALSE
	EndGlobalSection
	GlobalSection(ExtensibilityGlobals) = postSolution
		SolutionGuid = {7BF0892A-D6B7-42CF-BF02-8FC05C840112}
	EndGlobalSection
EndGlobal
